
Microsoft Visual Studio Solution File, Format Version 12.00
# Visual Studio Version 17
VisualStudioVersion = 17.7.34024.191
MinimumVisualStudioVersion = 10.0.40219.1
Project("{FAE04EC0-301F-11D3-BF4B-00C04F79EFBC}") = "SS.Challenges.RaceCondition", "SS.Challenges.RaceCondition.csproj", "{34DFFF3E-1BD1-4FBD-AE62-E62939402730}"
EndProject
Project("{2150E333-8FDC-42A3-9474-1A3956D46DE8}") = "Solution Items", "Solution Items", "{2576420B-E2A9-466D-8999-7D6552FCE84B}"
	ProjectSection(SolutionItems) = preProject
		README.md = README.md
	EndProjectSection
EndProject
Global
	GlobalSection(SolutionConfigurationPlatforms) = preSolution
		Debug|Any CPU = Debug|Any CPU
		Release|Any CPU = Release|Any CPU
	EndGlobalSection
	GlobalSection(ProjectConfigurationPlatforms) = postSolution
		{34DFFF3E-1BD1-4FBD-AE62-E62939402730}.Debug|Any CPU.ActiveCfg = Debug|Any CPU
		{34DFFF3E-1BD1-4FBD-AE62-E62939402730}.Debug|Any CPU.Build.0 = Debug|Any CPU
		{34DFFF3E-1BD1-4FBD-AE62-E62939402730}.Release|Any CPU.ActiveCfg = Release|Any CPU
		{34DFFF3E-1BD1-4FBD-AE62-E62939402730}.Release|Any CPU.Build.0 = Release|Any CPU
	EndGlobalSection
	GlobalSection(SolutionProperties) = preSolution
		HideSolutionNode = FALSE
	EndGlobalSection
	GlobalSection(ExtensibilityGlobals) = postSolution
		SolutionGuid = {C007053D-E24E-4F77-913C-EEFBAB290530}
	EndGlobalSection
EndGlobal
